
Microsoft Visual Studio Solution File, Format Version 12.00
# Visual Studio 14
VisualStudioVersion = 14.0.25123.0
MinimumVisualStudioVersion = 10.0.40219.1
Project("{2150E333-8FDC-42A3-9474-1A3956D46DE8}") = "0 - Presentation", "0 - Presentation", "{5433AED7-0EE1-444A-97FF-D9A3756DD3AA}"
EndProject
Project("{2150E333-8FDC-42A3-9474-1A3956D46DE8}") = "1 - Services", "1 - Services", "{79C7844D-FA83-4AC7-9C10-55FA88525AF8}"
EndProject
Project("{2150E333-8FDC-42A3-9474-1A3956D46DE8}") = "2 - Application", "2 - Application", "{C5B050D2-BA58-4065-AC5E-A118EF8C2B32}"
EndProject
Project("{2150E333-8FDC-42A3-9474-1A3956D46DE8}") = "3 - Domain", "3 - Domain", "{55F10A25-635A-4F6F-B23A-173B078EAEAE}"
EndProject
Project("{2150E333-8FDC-42A3-9474-1A3956D46DE8}") = "4 - Infra", "4 - Infra", "{934C0D37-642E-456F-8B2E-5CC1FB319BC1}"
EndProject
Project("{2150E333-8FDC-42A3-9474-1A3956D46DE8}") = "4.1 - Data", "4.1 - Data", "{FEFB3CB0-5F2C-4344-8099-471738572D29}"
EndProject
Project("{2150E333-8FDC-42A3-9474-1A3956D46DE8}") = "4.2 - CrossCutting", "4.2 - CrossCutting", "{8D0FE99C-E7CB-4F1C-8D83-55C6D188A9F3}"
EndProject
Project("{FAE04EC0-301F-11D3-BF4B-00C04F79EFBC}") = "ProjetoDDD.UI.Mvc", "src\ProjetoDDD.UI.Mvc\ProjetoDDD.UI.Mvc.csproj", "{B5C6F2EB-8FB1-450C-9489-0280C86D97D4}"
EndProject
Project("{FAE04EC0-301F-11D3-BF4B-00C04F79EFBC}") = "ProjetoDDD.Domain", "src\ProjetoDDD.Domain\ProjetoDDD.Domain.csproj", "{622528AF-6221-48E0-82BE-4224A0DDB632}"
EndProject
Project("{FAE04EC0-301F-11D3-BF4B-00C04F79EFBC}") = "ProjetoDDD.Infra.Data", "src\ProjetoDDD.Infra.Data\ProjetoDDD.Infra.Data.csproj", "{5F831AEC-69EC-4D6F-8808-AA3CD2C71141}"
EndProject
Project("{FAE04EC0-301F-11D3-BF4B-00C04F79EFBC}") = "ProjetoDDD.Application", "src\ProjetoDDD.Application\ProjetoDDD.Application.csproj", "{B93B8C46-0793-42F7-9595-2A2FE7AE74C7}"
EndProject
Project("{FAE04EC0-301F-11D3-BF4B-00C04F79EFBC}") = "ProjetoDDD.Infra.CrossCutting.MvcFilters", "src\ProjetoDDD.Infra.CrossCutting.MvcFilters\ProjetoDDD.Infra.CrossCutting.MvcFilters.csproj", "{026168E3-FCC3-4911-B6CF-8ACAFF0EEC59}"
EndProject
Project("{FAE04EC0-301F-11D3-BF4B-00C04F79EFBC}") = "ProjetoDDD.Domain.Tests", "tests\ProjetoDDD.Domain.Tests\ProjetoDDD.Domain.Tests.csproj", "{E159FAB2-5943-404C-898C-AACFB684784D}"
EndProject
Project("{FAE04EC0-301F-11D3-BF4B-00C04F79EFBC}") = "ProjetoDDD.Services.REST.ClienteAPI", "src\ProjetoDDD.Services.REST.ClienteAPI\ProjetoDDD.Services.REST.ClienteAPI.csproj", "{ADAD8F18-0104-4930-8661-5B4AF4F79A00}"
EndProject
Project("{FAE04EC0-301F-11D3-BF4B-00C04F79EFBC}") = "ProjetoDDD.Infra.CrossCutting.IoC", "src\ProjetoDDD.Infra.CrossCutting.IoC\ProjetoDDD.Infra.CrossCutting.IoC.csproj", "{882737A9-B60B-447A-B23B-F89C6174D61F}"
EndProject
Global
	GlobalSection(SolutionConfigurationPlatforms) = preSolution
		Debug|Any CPU = Debug|Any CPU
		Release|Any CPU = Release|Any CPU
	EndGlobalSection
	GlobalSection(ProjectConfigurationPlatforms) = postSolution
		{B5C6F2EB-8FB1-450C-9489-0280C86D97D4}.Debug|Any CPU.ActiveCfg = Debug|Any CPU
		{B5C6F2EB-8FB1-450C-9489-0280C86D97D4}.Debug|Any CPU.Build.0 = Debug|Any CPU
		{B5C6F2EB-8FB1-450C-9489-0280C86D97D4}.Release|Any CPU.ActiveCfg = Release|Any CPU
		{B5C6F2EB-8FB1-450C-9489-0280C86D97D4}.Release|Any CPU.Build.0 = Release|Any CPU
		{622528AF-6221-48E0-82BE-4224A0DDB632}.Debug|Any CPU.ActiveCfg = Debug|Any CPU
		{622528AF-6221-48E0-82BE-4224A0DDB632}.Debug|Any CPU.Build.0 = Debug|Any CPU
		{622528AF-6221-48E0-82BE-4224A0DDB632}.Release|Any CPU.ActiveCfg = Release|Any CPU
		{622528AF-6221-48E0-82BE-4224A0DDB632}.Release|Any CPU.Build.0 = Release|Any CPU
		{5F831AEC-69EC-4D6F-8808-AA3CD2C71141}.Debug|Any CPU.ActiveCfg = Debug|Any CPU
		{5F831AEC-69EC-4D6F-8808-AA3CD2C71141}.Debug|Any CPU.Build.0 = Debug|Any CPU
		{5F831AEC-69EC-4D6F-8808-AA3CD2C71141}.Release|Any CPU.ActiveCfg = Release|Any CPU
		{5F831AEC-69EC-4D6F-8808-AA3CD2C71141}.Release|Any CPU.Build.0 = Release|Any CPU
		{B93B8C46-0793-42F7-9595-2A2FE7AE74C7}.Debug|Any CPU.ActiveCfg = Debug|Any CPU
		{B93B8C46-0793-42F7-9595-2A2FE7AE74C7}.Debug|Any CPU.Build.0 = Debug|Any CPU
		{B93B8C46-0793-42F7-9595-2A2FE7AE74C7}.Release|Any CPU.ActiveCfg = Release|Any CPU
		{B93B8C46-0793-42F7-9595-2A2FE7AE74C7}.Release|Any CPU.Build.0 = Release|Any CPU
		{026168E3-FCC3-4911-B6CF-8ACAFF0EEC59}.Debug|Any CPU.ActiveCfg = Debug|Any CPU
		{026168E3-FCC3-4911-B6CF-8ACAFF0EEC59}.Debug|Any CPU.Build.0 = Debug|Any CPU
		{026168E3-FCC3-4911-B6CF-8ACAFF0EEC59}.Release|Any CPU.ActiveCfg = Release|Any CPU
		{026168E3-FCC3-4911-B6CF-8ACAFF0EEC59}.Release|Any CPU.Build.0 = Release|Any CPU
		{E159FAB2-5943-404C-898C-AACFB684784D}.Debug|Any CPU.ActiveCfg = Debug|Any CPU
		{E159FAB2-5943-404C-898C-AACFB684784D}.Debug|Any CPU.Build.0 = Debug|Any CPU
		{E159FAB2-5943-404C-898C-AACFB684784D}.Release|Any CPU.ActiveCfg = Release|Any CPU
		{E159FAB2-5943-404C-898C-AACFB684784D}.Release|Any CPU.Build.0 = Release|Any CPU
		{ADAD8F18-0104-4930-8661-5B4AF4F79A00}.Debug|Any CPU.ActiveCfg = Debug|Any CPU
		{ADAD8F18-0104-4930-8661-5B4AF4F79A00}.Debug|Any CPU.Build.0 = Debug|Any CPU
		{ADAD8F18-0104-4930-8661-5B4AF4F79A00}.Release|Any CPU.ActiveCfg = Release|Any CPU
		{ADAD8F18-0104-4930-8661-5B4AF4F79A00}.Release|Any CPU.Build.0 = Release|Any CPU
		{882737A9-B60B-447A-B23B-F89C6174D61F}.Debug|Any CPU.ActiveCfg = Debug|Any CPU
		{882737A9-B60B-447A-B23B-F89C6174D61F}.Debug|Any CPU.Build.0 = Debug|Any CPU
		{882737A9-B60B-447A-B23B-F89C6174D61F}.Release|Any CPU.ActiveCfg = Release|Any CPU
		{882737A9-B60B-447A-B23B-F89C6174D61F}.Release|Any CPU.Build.0 = Release|Any CPU
	EndGlobalSection
	GlobalSection(SolutionProperties) = preSolution
		HideSolutionNode = FALSE
	EndGlobalSection
	GlobalSection(NestedProjects) = preSolution
		{FEFB3CB0-5F2C-4344-8099-471738572D29} = {934C0D37-642E-456F-8B2E-5CC1FB319BC1}
		{8D0FE99C-E7CB-4F1C-8D83-55C6D188A9F3} = {934C0D37-642E-456F-8B2E-5CC1FB319BC1}
		{B5C6F2EB-8FB1-450C-9489-0280C86D97D4} = {5433AED7-0EE1-444A-97FF-D9A3756DD3AA}
		{622528AF-6221-48E0-82BE-4224A0DDB632} = {55F10A25-635A-4F6F-B23A-173B078EAEAE}
		{5F831AEC-69EC-4D6F-8808-AA3CD2C71141} = {FEFB3CB0-5F2C-4344-8099-471738572D29}
		{B93B8C46-0793-42F7-9595-2A2FE7AE74C7} = {C5B050D2-BA58-4065-AC5E-A118EF8C2B32}
		{026168E3-FCC3-4911-B6CF-8ACAFF0EEC59} = {8D0FE99C-E7CB-4F1C-8D83-55C6D188A9F3}
		{E159FAB2-5943-404C-898C-AACFB684784D} = {55F10A25-635A-4F6F-B23A-173B078EAEAE}
		{ADAD8F18-0104-4930-8661-5B4AF4F79A00} = {79C7844D-FA83-4AC7-9C10-55FA88525AF8}
		{882737A9-B60B-447A-B23B-F89C6174D61F} = {8D0FE99C-E7CB-4F1C-8D83-55C6D188A9F3}
	EndGlobalSection
EndGlobal
